# generated by rye
# use `rye lock` or `rye sync` to update this lockfile
#
# last locked with the following flags:
#   pre: false
#   features: []
#   all-features: false
#   with-sources: false
#   generate-hashes: false
#   universal: false

-e file:.
charset-normalizer==3.4.7
    # via reportlab
et-xmlfile==2.0.0
    # via openpyxl
numpy==2.4.6
    # via opencv-python-headless
opencv-python-headless==4.13.0.92
    # via mne-grade-manager
openpyxl==3.1.5
    # via mne-grade-manager
pillow==12.2.0
    # via mne-grade-manager
    # via reportlab
pypdf==6.13.2
    # via mne-grade-manager
pyside6==6.10.2
    # via mne-grade-manager
pyside6-addons==6.10.2
    # via pyside6
pyside6-essentials==6.10.2
    # via pyside6
    # via pyside6-addons
reportlab==4.4.10
    # via mne-grade-manager
shiboken6==6.10.2
    # via pyside6
    # via pyside6-addons
    # via pyside6-essentials
